# THIS IS AN AUTOGENERATED FILE. DO NOT EDIT THIS FILE DIRECTLY.
# yarn lockfile v1


"@bugsnag/browser-performance@^2.10.1":
  version "2.10.1"
  resolved "https://registry.yarnpkg.com/@bugsnag/browser-performance/-/browser-performance-2.10.1.tgz#f887903c7d89c0f01e86b4d740a2a6291d4e2190"
  integrity sha512-d5/EC9yC9bGnt4QuIa67kClSTKSMmblE7WPWXNmGQqQC40bqwWWDeJEJs0ZBB7WU6VBy5QWcRLZwyXkHLT0Xkg==
  dependencies:
    "@bugsnag/core-performance" "^2.10.0"
    "@bugsnag/cuid" "^3.1.1"
    "@bugsnag/delivery-fetch-performance" "^2.10.0"
    "@bugsnag/request-tracker-performance" "^2.10.0"

"@bugsnag/browser@^8.1.2":
  version "8.1.2"
  resolved "https://registry.yarnpkg.com/@bugsnag/browser/-/browser-8.1.2.tgz#2b96fb89a4dd9822d450690a3375db0c3946dca4"
  integrity sha512-COP3OanbGCOS/K4g0rGwSYk2/RcIooG2PqxqdrF0MDY4u3Nz44iOaJg8w7WlOr8CckmDEiwSW2DVR+M7qZcoQw==
  dependencies:
    "@bugsnag/core" "^8.1.1"

"@bugsnag/core-performance@^2.10.0":
  version "2.10.0"
  resolved "https://registry.yarnpkg.com/@bugsnag/core-performance/-/core-performance-2.10.0.tgz#4440e766bc04b8a927d441514d891245ef810fd5"
  integrity sha512-PLRfWExNh+RURbABfeLOiprO95jjiCPHXHjxWE+ewmebBMY9FAYlLH8gxA94+RAdh3VRNKp7uRJDhFWIas8AoA==
  dependencies:
    "@bugsnag/cuid" "^3.1.1"

"@bugsnag/core@^8.1.1":
  version "8.1.1"
  resolved "https://registry.yarnpkg.com/@bugsnag/core/-/core-8.1.1.tgz#5a1d404757ec440590e310eb97f0064b0a4e0c96"
  integrity sha512-ytOWqwm4H2h8rADqYPR+tQpDHsBav3NEZ5E2VSCCxPbT2R89Q0/t0PZTbQVlOS+TRutajO29VxTV9qsAREfpSw==
  dependencies:
    "@bugsnag/cuid" "^3.0.0"
    "@bugsnag/safe-json-stringify" "^6.0.0"
    error-stack-parser "^2.0.3"
    iserror "^0.0.2"
    stack-generator "^2.0.3"

"@bugsnag/cuid@^3.0.0", "@bugsnag/cuid@^3.1.1":
  version "3.1.1"
  resolved "https://registry.yarnpkg.com/@bugsnag/cuid/-/cuid-3.1.1.tgz#dbd5d76559f6b7a66306fceacf503888883da514"
  integrity sha512-d2z4b0rEo3chI07FNN1Xds8v25CNeekecU6FC/2Fs9MxY2EipkZTThVcV2YinMn8dvRUlViKOyC50evoUxg8tw==

"@bugsnag/delivery-fetch-performance@^2.10.0":
  version "2.10.0"
  resolved "https://registry.yarnpkg.com/@bugsnag/delivery-fetch-performance/-/delivery-fetch-performance-2.10.0.tgz#530be920827b07f70e88d676760ff72fcf32214b"
  integrity sha512-qnZpIHeMuKZjZYY4rz6ecU+TlaGdsQDGOXHCkX5lYwpyFRXBwPlyi3BW6uwYFYe0HUtSbylEBcpuhgpJ61sNng==
  dependencies:
    "@bugsnag/core-performance" "^2.10.0"

"@bugsnag/js@^8.1.2":
  version "8.1.2"
  resolved "https://registry.yarnpkg.com/@bugsnag/js/-/js-8.1.2.tgz#8942668e85093cc934884c4100d6d1a74eba4741"
  integrity sha512-vMl/TlMTpm0Xv4IKqYpmsjeVE4nPWAZL8uOxOi0JI6dgTaWE8+VQF6KuSpeKiA7Pr34uUxpWhSBrkZ3uSwCBdg==
  dependencies:
    "@bugsnag/browser" "^8.1.2"
    "@bugsnag/node" "^8.1.1"

"@bugsnag/node@^8.1.1":
  version "8.1.1"
  resolved "https://registry.yarnpkg.com/@bugsnag/node/-/node-8.1.1.tgz#14eb95bbe8903dcbc51223c80812ebbdaa04fb2a"
  integrity sha512-Ckdgj4tQto3CH4wWo12BAG0lQuS9s5SUpZvwmYF3meW5Qxq7D8XHZzrfGQo9nb1VTvmwOB+uyMt8En6Cy86Jcg==
  dependencies:
    "@bugsnag/core" "^8.1.1"
    byline "^5.0.0"
    error-stack-parser "^2.0.3"
    iserror "^0.0.2"
    pump "^3.0.0"
    stack-generator "^2.0.3"

"@bugsnag/request-tracker-performance@^2.10.0":
  version "2.10.0"
  resolved "https://registry.yarnpkg.com/@bugsnag/request-tracker-performance/-/request-tracker-performance-2.10.0.tgz#d5f3f5dc61e3f44bc3163033db2a160a1b504a5e"
  integrity sha512-8yAcs7e0kyHtzD9ekmhVhQq2Z2sWhDKYDfOFlSy7qQnWHKH/34hOwWPgjUck5Mt1g3/7Pp/dWdhPep1Bz1tJFw==
  dependencies:
    "@bugsnag/core-performance" "^2.10.0"

"@bugsnag/safe-json-stringify@^6.0.0":
  version "6.0.0"
  resolved "https://registry.yarnpkg.com/@bugsnag/safe-json-stringify/-/safe-json-stringify-6.0.0.tgz#22abdcd83e008c369902976730c34c150148a758"
  integrity sha512-htzFO1Zc57S8kgdRK9mLcPVTW1BY2ijfH7Dk2CeZmspTWKdKqSo1iwmqrq2WtRjFlo8aRZYgLX0wFrDXF/9DLA==

"@darkroom.engineering/tempus@^0.0.46":
  version "0.0.46"
  resolved "https://registry.yarnpkg.com/@darkroom.engineering/tempus/-/tempus-0.0.46.tgz#3d958807503e4055fcc4a1aeeff83ca0546c62f0"
  integrity sha512-s5vav3KMHYezvUCl4ee5epg0oimF6M8C9gAaKxFnFaTvX2q3ywFDryIv6XLd0mRFUt3S1uHDJqKaiEcs2ZVSvw==

byline@^5.0.0:
  version "5.0.0"
  resolved "https://registry.yarnpkg.com/byline/-/byline-5.0.0.tgz#741c5216468eadc457b03410118ad77de8c1ddb1"
  integrity sha512-s6webAy+R4SR8XVuJWt2V2rGvhnrhxN+9S15GNuTK3wKPOXFF6RNc+8ug2XhH+2s4f+uudG4kUVYmYOQWL2g0Q==

end-of-stream@^1.1.0:
  version "1.4.4"
  resolved "https://registry.yarnpkg.com/end-of-stream/-/end-of-stream-1.4.4.tgz#5ae64a5f45057baf3626ec14da0ca5e4b2431eb0"
  integrity sha512-+uw1inIHVPQoaVuHzRyXd21icM+cnt4CzD5rW+NC1wjOUSTOs+Te7FOv7AhN7vS9x/oIyhLP5PR1H+phQAHu5Q==
  dependencies:
    once "^1.4.0"

error-stack-parser@^2.0.3:
  version "2.1.4"
  resolved "https://registry.yarnpkg.com/error-stack-parser/-/error-stack-parser-2.1.4.tgz#229cb01cdbfa84440bfa91876285b94680188286"
  integrity sha512-Sk5V6wVazPhq5MhpO+AUxJn5x7XSXGl1R93Vn7i+zS15KDVxQijejNCrz8340/2bgLBjR9GtEG8ZVKONDjcqGQ==
  dependencies:
    stackframe "^1.3.4"

gsap@^3.12.5:
  version "3.12.5"
  resolved "https://registry.yarnpkg.com/gsap/-/gsap-3.12.5.tgz#136c02dad4c673b441bdb1ca00104bfcb4eae7f4"
  integrity sha512-srBfnk4n+Oe/ZnMIOXt3gT605BX9x5+rh/prT2F1SsNJsU1XuMiP0E2aptW481OnonOGACZWBqseH5Z7csHxhQ==

iserror@^0.0.2:
  version "0.0.2"
  resolved "https://registry.yarnpkg.com/iserror/-/iserror-0.0.2.tgz#bd53451fe2f668b9f2402c1966787aaa2c7c0bf5"
  integrity sha512-oKGGrFVaWwETimP3SiWwjDeY27ovZoyZPHtxblC4hCq9fXxed/jasx+ATWFFjCVSRZng8VTMsN1nDnGo6zMBSw==

lenis@^1.1.9:
  version "1.1.13"
  resolved "https://registry.yarnpkg.com/lenis/-/lenis-1.1.13.tgz#4234c4ba302c211ddf0f0a21d73de99d5a78528b"
  integrity sha512-iny+vWwUHcZGbJz+p2I75H1muLBRZqSG7t04jnhA+CWOQDFL1vt9bsZDwPPtYEmYVVvqAdo5MbXVFzNOlbgUkQ==
  dependencies:
    "@darkroom.engineering/tempus" "^0.0.46"

nouislider@^15.8.1:
  version "15.8.1"
  resolved "https://registry.yarnpkg.com/nouislider/-/nouislider-15.8.1.tgz#18729ed29738d2d328a1b5e0429d38eb8be8a696"
  integrity sha512-93TweAi8kqntHJSPiSWQ1o/uZ29VWOmal9YKb6KKGGlCkugaNfAupT7o1qTHqdJvNQ7S0su5rO6qRFCjP8fxtw==

once@^1.3.1, once@^1.4.0:
  version "1.4.0"
  resolved "https://registry.yarnpkg.com/once/-/once-1.4.0.tgz#583b1aa775961d4b113ac17d9c50baef9dd76bd1"
  integrity sha512-lNaJgI+2Q5URQBkccEKHTQOPaXdUxnZZElQTZY0MFUAuaEqe1E+Nyvgdz/aIyNi6Z9MzO5dv1H8n58/GELp3+w==
  dependencies:
    wrappy "1"

pump@^3.0.0:
  version "3.0.2"
  resolved "https://registry.yarnpkg.com/pump/-/pump-3.0.2.tgz#836f3edd6bc2ee599256c924ffe0d88573ddcbf8"
  integrity sha512-tUPXtzlGM8FE3P0ZL6DVs/3P58k9nk8/jZeQCurTJylQA8qFYzHFfhBJkuqyE0FifOsQ0uKWekiZ5g8wtr28cw==
  dependencies:
    end-of-stream "^1.1.0"
    once "^1.3.1"

stack-generator@^2.0.3:
  version "2.0.10"
  resolved "https://registry.yarnpkg.com/stack-generator/-/stack-generator-2.0.10.tgz#8ae171e985ed62287d4f1ed55a1633b3fb53bb4d"
  integrity sha512-mwnua/hkqM6pF4k8SnmZ2zfETsRUpWXREfA/goT8SLCV4iOFa4bzOX2nDipWAZFPTjLvQB82f5yaodMVhK0yJQ==
  dependencies:
    stackframe "^1.3.4"

stackframe@^1.3.4:
  version "1.3.4"
  resolved "https://registry.yarnpkg.com/stackframe/-/stackframe-1.3.4.tgz#b881a004c8c149a5e8efef37d51b16e412943310"
  integrity sha512-oeVtt7eWQS+Na6F//S4kJ2K2VbRlS9D43mAlMyVpVWovy9o+jfgH8O9agzANzaiLjclA0oYzUXEM4PurhSUChw==

wrappy@1:
  version "1.0.2"
  resolved "https://registry.yarnpkg.com/wrappy/-/wrappy-1.0.2.tgz#b5243d8f3ec1aa35f1364605bc0d1036e30ab69f"
  integrity sha512-l4Sp/DRseor9wL6EvV2+TuQn63dMkPjZ/sp9XkghTEbV9KlPS1xUsZ3u7/IQO4wxtcFB4bgpQPRcR3QCvezPcQ==
