# THIS IS AN AUTOGENERATED FILE. DO NOT EDIT THIS FILE DIRECTLY.
# yarn lockfile v1


"@darkroom.engineering/tempus@^0.0.46":
  version "0.0.46"
  resolved "https://registry.yarnpkg.com/@darkroom.engineering/tempus/-/tempus-0.0.46.tgz#3d958807503e4055fcc4a1aeeff83ca0546c62f0"
  integrity sha512-s5vav3KMHYezvUCl4ee5epg0oimF6M8C9gAaKxFnFaTvX2q3ywFDryIv6XLd0mRFUt3S1uHDJqKaiEcs2ZVSvw==

gsap@^3.12.5:
  version "3.12.5"
  resolved "https://registry.yarnpkg.com/gsap/-/gsap-3.12.5.tgz#136c02dad4c673b441bdb1ca00104bfcb4eae7f4"
  integrity sha512-srBfnk4n+Oe/ZnMIOXt3gT605BX9x5+rh/prT2F1SsNJsU1XuMiP0E2aptW481OnonOGACZWBqseH5Z7csHxhQ==

lenis@^1.1.9:
  version "1.1.13"
  resolved "https://registry.yarnpkg.com/lenis/-/lenis-1.1.13.tgz#4234c4ba302c211ddf0f0a21d73de99d5a78528b"
  integrity sha512-iny+vWwUHcZGbJz+p2I75H1muLBRZqSG7t04jnhA+CWOQDFL1vt9bsZDwPPtYEmYVVvqAdo5MbXVFzNOlbgUkQ==
  dependencies:
    "@darkroom.engineering/tempus" "^0.0.46"

nouislider@^15.8.1:
  version "15.8.1"
  resolved "https://registry.yarnpkg.com/nouislider/-/nouislider-15.8.1.tgz#18729ed29738d2d328a1b5e0429d38eb8be8a696"
  integrity sha512-93TweAi8kqntHJSPiSWQ1o/uZ29VWOmal9YKb6KKGGlCkugaNfAupT7o1qTHqdJvNQ7S0su5rO6qRFCjP8fxtw==
